// !$*UTF8*$!
{
	archiveVersion = 1;
	classes = {
	};
	objectVersion = 56;
	objects = {

/* Begin PBXBuildFile section */
		4F21EC842BBCC9DA00A860EC /* FitnessThing.swift in Sources */ = {isa = PBXBuildFile; fileRef = 4F21EC832BBCC9DA00A860EC /* FitnessThing.swift */; };
		4F21EC862BBCC9DA00A860EC /* ContentView.swift in Sources */ = {isa = PBXBuildFile; fileRef = 4F21EC852BBCC9DA00A860EC /* ContentView.swift */; };
		4F21EC882BBCC9DA00A860EC /* MealTemplate.swift in Sources */ = {isa = PBXBuildFile; fileRef = 4F21EC872BBCC9DA00A860EC /* MealTemplate.swift */; };
		4F21EC8A2BBCC9DC00A860EC /* Assets.xcassets in Resources */ = {isa = PBXBuildFile; fileRef = 4F21EC892BBCC9DC00A860EC /* Assets.xcassets */; };
		4F21EC8D2BBCC9DC00A860EC /* Preview Assets.xcassets in Resources */ = {isa = PBXBuildFile; fileRef = 4F21EC8C2BBCC9DC00A860EC /* Preview Assets.xcassets */; };
		4F21EC972BBCCD8000A860EC /* DailyFoodView.swift in Sources */ = {isa = PBXBuildFile; fileRef = 4F21EC962BBCCD8000A860EC /* DailyFoodView.swift */; };
		4F21EC992BBCCD8E00A860EC /* WorkoutView.swift in Sources */ = {isa = PBXBuildFile; fileRef = 4F21EC982BBCCD8E00A860EC /* WorkoutView.swift */; };
		4F21EC9B2BBCCD9700A860EC /* ProfileView.swift in Sources */ = {isa = PBXBuildFile; fileRef = 4F21EC9A2BBCCD9700A860EC /* ProfileView.swift */; };
		4F21ECA02BBCCECC00A860EC /* Ingredient.swift in Sources */ = {isa = PBXBuildFile; fileRef = 4F21EC9F2BBCCECC00A860EC /* Ingredient.swift */; };
		4F21ECA22BBDE67400A860EC /* DateView.swift in Sources */ = {isa = PBXBuildFile; fileRef = 4F21ECA12BBDE67400A860EC /* DateView.swift */; };
		4F21ECA42BBDEF9000A860EC /* FoodManager.swift in Sources */ = {isa = PBXBuildFile; fileRef = 4F21ECA32BBDEF9000A860EC /* FoodManager.swift */; };
		4FA2C1D72BDC71A90042636C /* PlusButton.swift in Sources */ = {isa = PBXBuildFile; fileRef = 4FA2C1D62BDC71A90042636C /* PlusButton.swift */; };
		4FA2C1D92BDC7E0A0042636C /* AddItemSheet.swift in Sources */ = {isa = PBXBuildFile; fileRef = 4FA2C1D82BDC7E0A0042636C /* AddItemSheet.swift */; };
		4FA2C1DD2BDF1DEE0042636C /* FoodItem.swift in Sources */ = {isa = PBXBuildFile; fileRef = 4FA2C1DC2BDF1DEE0042636C /* FoodItem.swift */; };
		4FA93BE02BBDF48900713D8E /* DailyOverviewView.swift in Sources */ = {isa = PBXBuildFile; fileRef = 4FA93BDF2BBDF48900713D8E /* DailyOverviewView.swift */; };
		4FA93BE22BBE02C600713D8E /* CalorieCircleView.swift in Sources */ = {isa = PBXBuildFile; fileRef = 4FA93BE12BBE02C500713D8E /* CalorieCircleView.swift */; };
		4FA93BE42BBE06E200713D8E /* MacroBarView.swift in Sources */ = {isa = PBXBuildFile; fileRef = 4FA93BE32BBE06E200713D8E /* MacroBarView.swift */; };
		4FA93BE62BBE06FF00713D8E /* MacroEnum.swift in Sources */ = {isa = PBXBuildFile; fileRef = 4FA93BE52BBE06FF00713D8E /* MacroEnum.swift */; };
		4FA93BEB2BBF502C00713D8E /* MealsEatenView.swift in Sources */ = {isa = PBXBuildFile; fileRef = 4FA93BEA2BBF502C00713D8E /* MealsEatenView.swift */; };
		4FA93BED2BBF506100713D8E /* FoodItemRow.swift in Sources */ = {isa = PBXBuildFile; fileRef = 4FA93BEC2BBF506100713D8E /* FoodItemRow.swift */; };
		4FA93BEF2BBF56FC00713D8E /* DebugConstants.swift in Sources */ = {isa = PBXBuildFile; fileRef = 4FA93BEE2BBF56FC00713D8E /* DebugConstants.swift */; };
		4FAD5C712BBF7B9100B727E3 /* FoodDay.swift in Sources */ = {isa = PBXBuildFile; fileRef = 4FAD5C702BBF7B9100B727E3 /* FoodDay.swift */; };
		4FAD5C732BBF7CED00B727E3 /* IngredientTemplate.swift in Sources */ = {isa = PBXBuildFile; fileRef = 4FAD5C722BBF7CED00B727E3 /* IngredientTemplate.swift */; };
		4FAD5C752BBF7CF300B727E3 /* Meal.swift in Sources */ = {isa = PBXBuildFile; fileRef = 4FAD5C742BBF7CF300B727E3 /* Meal.swift */; };
		4FE71F512BCDBB5B0000E79B /* MealMacros.swift in Sources */ = {isa = PBXBuildFile; fileRef = 4FE71F502BCDBB5B0000E79B /* MealMacros.swift */; };
		4FE71F532BCDCC400000E79B /* SizeCalculator.swift in Sources */ = {isa = PBXBuildFile; fileRef = 4FE71F522BCDCC400000E79B /* SizeCalculator.swift */; };
/* End PBXBuildFile section */

/* Begin PBXFileReference section */
		4F21EC802BBCC9DA00A860EC /* Fitness Thing.app */ = {isa = PBXFileReference; explicitFileType = wrapper.application; includeInIndex = 0; path = "Fitness Thing.app"; sourceTree = BUILT_PRODUCTS_DIR; };
		4F21EC832BBCC9DA00A860EC /* FitnessThing.swift */ = {isa = PBXFileReference; lastKnownFileType = sourcecode.swift; path = FitnessThing.swift; sourceTree = "<group>"; };
		4F21EC852BBCC9DA00A860EC /* ContentView.swift */ = {isa = PBXFileReference; lastKnownFileType = sourcecode.swift; path = ContentView.swift; sourceTree = "<group>"; };
		4F21EC872BBCC9DA00A860EC /* MealTemplate.swift */ = {isa = PBXFileReference; lastKnownFileType = sourcecode.swift; path = MealTemplate.swift; sourceTree = "<group>"; };
		4F21EC892BBCC9DC00A860EC /* Assets.xcassets */ = {isa = PBXFileReference; lastKnownFileType = folder.assetcatalog; path = Assets.xcassets; sourceTree = "<group>"; };
		4F21EC8C2BBCC9DC00A860EC /* Preview Assets.xcassets */ = {isa = PBXFileReference; lastKnownFileType = folder.assetcatalog; path = "Preview Assets.xcassets"; sourceTree = "<group>"; };
		4F21EC962BBCCD8000A860EC /* DailyFoodView.swift */ = {isa = PBXFileReference; lastKnownFileType = sourcecode.swift; path = DailyFoodView.swift; sourceTree = "<group>"; };
		4F21EC982BBCCD8E00A860EC /* WorkoutView.swift */ = {isa = PBXFileReference; lastKnownFileType = sourcecode.swift; path = WorkoutView.swift; sourceTree = "<group>"; };
		4F21EC9A2BBCCD9700A860EC /* ProfileView.swift */ = {isa = PBXFileReference; lastKnownFileType = sourcecode.swift; path = ProfileView.swift; sourceTree = "<group>"; };
		4F21EC9F2BBCCECC00A860EC /* Ingredient.swift */ = {isa = PBXFileReference; lastKnownFileType = sourcecode.swift; path = Ingredient.swift; sourceTree = "<group>"; };
		4F21ECA12BBDE67400A860EC /* DateView.swift */ = {isa = PBXFileReference; lastKnownFileType = sourcecode.swift; path = DateView.swift; sourceTree = "<group>"; };
		4F21ECA32BBDEF9000A860EC /* FoodManager.swift */ = {isa = PBXFileReference; lastKnownFileType = sourcecode.swift; path = FoodManager.swift; sourceTree = "<group>"; };
		4FA2C1D62BDC71A90042636C /* PlusButton.swift */ = {isa = PBXFileReference; lastKnownFileType = sourcecode.swift; path = PlusButton.swift; sourceTree = "<group>"; };
		4FA2C1D82BDC7E0A0042636C /* AddItemSheet.swift */ = {isa = PBXFileReference; lastKnownFileType = sourcecode.swift; path = AddItemSheet.swift; sourceTree = "<group>"; };
		4FA2C1DC2BDF1DEE0042636C /* FoodItem.swift */ = {isa = PBXFileReference; lastKnownFileType = sourcecode.swift; path = FoodItem.swift; sourceTree = "<group>"; };
		4FA93BDF2BBDF48900713D8E /* DailyOverviewView.swift */ = {isa = PBXFileReference; lastKnownFileType = sourcecode.swift; path = DailyOverviewView.swift; sourceTree = "<group>"; };
		4FA93BE12BBE02C500713D8E /* CalorieCircleView.swift */ = {isa = PBXFileReference; lastKnownFileType = sourcecode.swift; path = CalorieCircleView.swift; sourceTree = "<group>"; };
		4FA93BE32BBE06E200713D8E /* MacroBarView.swift */ = {isa = PBXFileReference; lastKnownFileType = sourcecode.swift; path = MacroBarView.swift; sourceTree = "<group>"; };
		4FA93BE52BBE06FF00713D8E /* MacroEnum.swift */ = {isa = PBXFileReference; lastKnownFileType = sourcecode.swift; path = MacroEnum.swift; sourceTree = "<group>"; };
		4FA93BEA2BBF502C00713D8E /* MealsEatenView.swift */ = {isa = PBXFileReference; lastKnownFileType = sourcecode.swift; path = MealsEatenView.swift; sourceTree = "<group>"; };
		4FA93BEC2BBF506100713D8E /* FoodItemRow.swift */ = {isa = PBXFileReference; lastKnownFileType = sourcecode.swift; path = FoodItemRow.swift; sourceTree = "<group>"; };
		4FA93BEE2BBF56FC00713D8E /* DebugConstants.swift */ = {isa = PBXFileReference; lastKnownFileType = sourcecode.swift; path = DebugConstants.swift; sourceTree = "<group>"; };
		4FAD5C702BBF7B9100B727E3 /* FoodDay.swift */ = {isa = PBXFileReference; lastKnownFileType = sourcecode.swift; path = FoodDay.swift; sourceTree = "<group>"; };
		4FAD5C722BBF7CED00B727E3 /* IngredientTemplate.swift */ = {isa = PBXFileReference; lastKnownFileType = sourcecode.swift; path = IngredientTemplate.swift; sourceTree = "<group>"; };
		4FAD5C742BBF7CF300B727E3 /* Meal.swift */ = {isa = PBXFileReference; lastKnownFileType = sourcecode.swift; path = Meal.swift; sourceTree = "<group>"; };
		4FE71F502BCDBB5B0000E79B /* MealMacros.swift */ = {isa = PBXFileReference; lastKnownFileType = sourcecode.swift; path = MealMacros.swift; sourceTree = "<group>"; };
		4FE71F522BCDCC400000E79B /* SizeCalculator.swift */ = {isa = PBXFileReference; lastKnownFileType = sourcecode.swift; path = SizeCalculator.swift; sourceTree = "<group>"; };
/* End PBXFileReference section */

/* Begin PBXFrameworksBuildPhase section */
		4F21EC7D2BBCC9DA00A860EC /* Frameworks */ = {
			isa = PBXFrameworksBuildPhase;
			buildActionMask = 2147483647;
			files = (
			);
			runOnlyForDeploymentPostprocessing = 0;
		};
/* End PBXFrameworksBuildPhase section */

/* Begin PBXGroup section */
		4F21EC772BBCC9DA00A860EC = {
			isa = PBXGroup;
			children = (
				4F21EC822BBCC9DA00A860EC /* Fitness Thing */,
				4F21EC812BBCC9DA00A860EC /* Products */,
			);
			sourceTree = "<group>";
		};
		4F21EC812BBCC9DA00A860EC /* Products */ = {
			isa = PBXGroup;
			children = (
				4F21EC802BBCC9DA00A860EC /* Fitness Thing.app */,
			);
			name = Products;
			sourceTree = "<group>";
		};
		4F21EC822BBCC9DA00A860EC /* Fitness Thing */ = {
			isa = PBXGroup;
			children = (
				4F21EC832BBCC9DA00A860EC /* FitnessThing.swift */,
				4FA93BEE2BBF56FC00713D8E /* DebugConstants.swift */,
				4F21EC952BBCCC7D00A860EC /* View Model */,
				4F21EC932BBCCC2A00A860EC /* View */,
				4F21EC942BBCCC7700A860EC /* Model */,
				4F21EC892BBCC9DC00A860EC /* Assets.xcassets */,
				4F21EC8B2BBCC9DC00A860EC /* Preview Content */,
			);
			path = "Fitness Thing";
			sourceTree = "<group>";
		};
		4F21EC8B2BBCC9DC00A860EC /* Preview Content */ = {
			isa = PBXGroup;
			children = (
				4F21EC8C2BBCC9DC00A860EC /* Preview Assets.xcassets */,
			);
			path = "Preview Content";
			sourceTree = "<group>";
		};
		4F21EC932BBCCC2A00A860EC /* View */ = {
			isa = PBXGroup;
			children = (
				4F21EC852BBCC9DA00A860EC /* ContentView.swift */,
				4F21EC9C2BBCCD9B00A860EC /* Food */,
				4F21EC9D2BBCCDA200A860EC /* Workout */,
				4F21EC9E2BBCCDA700A860EC /* Profile */,
				4FE71F522BCDCC400000E79B /* SizeCalculator.swift */,
			);
			path = View;
			sourceTree = "<group>";
		};
		4F21EC942BBCCC7700A860EC /* Model */ = {
			isa = PBXGroup;
			children = (
				4FAD5C762BC8D4EF00B727E3 /* Food */,
			);
			path = Model;
			sourceTree = "<group>";
		};
		4F21EC952BBCCC7D00A860EC /* View Model */ = {
			isa = PBXGroup;
			children = (
				4F21ECA32BBDEF9000A860EC /* FoodManager.swift */,
			);
			path = "View Model";
			sourceTree = "<group>";
		};
		4F21EC9C2BBCCD9B00A860EC /* Food */ = {
			isa = PBXGroup;
			children = (
				4F21EC962BBCCD8000A860EC /* DailyFoodView.swift */,
				4F21ECA12BBDE67400A860EC /* DateView.swift */,
				4FA93BE72BBF41C600713D8E /* Overview */,
				4FA93BEA2BBF502C00713D8E /* MealsEatenView.swift */,
				4FA93BEC2BBF506100713D8E /* FoodItemRow.swift */,
				4FE71F502BCDBB5B0000E79B /* MealMacros.swift */,
				4FA2C1D62BDC71A90042636C /* PlusButton.swift */,
				4FA2C1D82BDC7E0A0042636C /* AddItemSheet.swift */,
			);
			path = Food;
			sourceTree = "<group>";
		};
		4F21EC9D2BBCCDA200A860EC /* Workout */ = {
			isa = PBXGroup;
			children = (
				4F21EC982BBCCD8E00A860EC /* WorkoutView.swift */,
			);
			path = Workout;
			sourceTree = "<group>";
		};
		4F21EC9E2BBCCDA700A860EC /* Profile */ = {
			isa = PBXGroup;
			children = (
				4F21EC9A2BBCCD9700A860EC /* ProfileView.swift */,
			);
			path = Profile;
			sourceTree = "<group>";
		};
		4FA93BE72BBF41C600713D8E /* Overview */ = {
			isa = PBXGroup;
			children = (
				4FA93BDF2BBDF48900713D8E /* DailyOverviewView.swift */,
				4FA93BE12BBE02C500713D8E /* CalorieCircleView.swift */,
				4FA93BE32BBE06E200713D8E /* MacroBarView.swift */,
			);
			path = Overview;
			sourceTree = "<group>";
		};
		4FAD5C762BC8D4EF00B727E3 /* Food */ = {
			isa = PBXGroup;
			children = (
				4F21EC872BBCC9DA00A860EC /* MealTemplate.swift */,
				4F21EC9F2BBCCECC00A860EC /* Ingredient.swift */,
				4FA93BE52BBE06FF00713D8E /* MacroEnum.swift */,
				4FAD5C702BBF7B9100B727E3 /* FoodDay.swift */,
				4FAD5C722BBF7CED00B727E3 /* IngredientTemplate.swift */,
				4FAD5C742BBF7CF300B727E3 /* Meal.swift */,
				4FA2C1DC2BDF1DEE0042636C /* FoodItem.swift */,
			);
			path = Food;
			sourceTree = "<group>";
		};
/* End PBXGroup section */

/* Begin PBXNativeTarget section */
		4F21EC7F2BBCC9DA00A860EC /* Fitness Thing */ = {
			isa = PBXNativeTarget;
			buildConfigurationList = 4F21EC902BBCC9DC00A860EC /* Build configuration list for PBXNativeTarget "Fitness Thing" */;
			buildPhases = (
				4F21EC7C2BBCC9DA00A860EC /* Sources */,
				4F21EC7D2BBCC9DA00A860EC /* Frameworks */,
				4F21EC7E2BBCC9DA00A860EC /* Resources */,
			);
			buildRules = (
			);
			dependencies = (
			);
			name = "Fitness Thing";
			productName = "Fitness Thing";
			productReference = 4F21EC802BBCC9DA00A860EC /* Fitness Thing.app */;
			productType = "com.apple.product-type.application";
		};
/* End PBXNativeTarget section */

/* Begin PBXProject section */
		4F21EC782BBCC9DA00A860EC /* Project object */ = {
			isa = PBXProject;
			attributes = {
				BuildIndependentTargetsInParallel = 1;
				LastSwiftUpdateCheck = 1530;
				LastUpgradeCheck = 1530;
				TargetAttributes = {
					4F21EC7F2BBCC9DA00A860EC = {
						CreatedOnToolsVersion = 15.3;
					};
				};
			};
			buildConfigurationList = 4F21EC7B2BBCC9DA00A860EC /* Build configuration list for PBXProject "Fitness Thing" */;
			compatibilityVersion = "Xcode 14.0";
			developmentRegion = en;
			hasScannedForEncodings = 0;
			knownRegions = (
				en,
				Base,
			);
			mainGroup = 4F21EC772BBCC9DA00A860EC;
			productRefGroup = 4F21EC812BBCC9DA00A860EC /* Products */;
			projectDirPath = "";
			projectRoot = "";
			targets = (
				4F21EC7F2BBCC9DA00A860EC /* Fitness Thing */,
			);
		};
/* End PBXProject section */

/* Begin PBXResourcesBuildPhase section */
		4F21EC7E2BBCC9DA00A860EC /* Resources */ = {
			isa = PBXResourcesBuildPhase;
			buildActionMask = 2147483647;
			files = (
				4F21EC8D2BBCC9DC00A860EC /* Preview Assets.xcassets in Resources */,
				4F21EC8A2BBCC9DC00A860EC /* Assets.xcassets in Resources */,
			);
			runOnlyForDeploymentPostprocessing = 0;
		};
/* End PBXResourcesBuildPhase section */

/* Begin PBXSourcesBuildPhase section */
		4F21EC7C2BBCC9DA00A860EC /* Sources */ = {
			isa = PBXSourcesBuildPhase;
			buildActionMask = 2147483647;
			files = (
				4F21EC972BBCCD8000A860EC /* DailyFoodView.swift in Sources */,
				4FA93BE22BBE02C600713D8E /* CalorieCircleView.swift in Sources */,
				4F21EC862BBCC9DA00A860EC /* ContentView.swift in Sources */,
				4FA93BEF2BBF56FC00713D8E /* DebugConstants.swift in Sources */,
				4FA93BED2BBF506100713D8E /* FoodItemRow.swift in Sources */,
				4F21ECA42BBDEF9000A860EC /* FoodManager.swift in Sources */,
				4FE71F512BCDBB5B0000E79B /* MealMacros.swift in Sources */,
				4FAD5C732BBF7CED00B727E3 /* IngredientTemplate.swift in Sources */,
				4FA93BE02BBDF48900713D8E /* DailyOverviewView.swift in Sources */,
				4F21ECA22BBDE67400A860EC /* DateView.swift in Sources */,
				4FE71F532BCDCC400000E79B /* SizeCalculator.swift in Sources */,
				4FA2C1D72BDC71A90042636C /* PlusButton.swift in Sources */,
				4FAD5C752BBF7CF300B727E3 /* Meal.swift in Sources */,
				4F21ECA02BBCCECC00A860EC /* Ingredient.swift in Sources */,
				4FA93BEB2BBF502C00713D8E /* MealsEatenView.swift in Sources */,
				4FA93BE42BBE06E200713D8E /* MacroBarView.swift in Sources */,
				4FAD5C712BBF7B9100B727E3 /* FoodDay.swift in Sources */,
				4FA93BE62BBE06FF00713D8E /* MacroEnum.swift in Sources */,
				4F21EC882BBCC9DA00A860EC /* MealTemplate.swift in Sources */,
				4FA2C1D92BDC7E0A0042636C /* AddItemSheet.swift in Sources */,
				4F21EC842BBCC9DA00A860EC /* FitnessThing.swift in Sources */,
				4F21EC9B2BBCCD9700A860EC /* ProfileView.swift in Sources */,
				4FA2C1DD2BDF1DEE0042636C /* FoodItem.swift in Sources */,
				4F21EC992BBCCD8E00A860EC /* WorkoutView.swift in Sources */,
			);
			runOnlyForDeploymentPostprocessing = 0;
		};
/* End PBXSourcesBuildPhase section */

/* Begin XCBuildConfiguration section */
		4F21EC8E2BBCC9DC00A860EC /* Debug */ = {
			isa = XCBuildConfiguration;
			buildSettings = {
				ALWAYS_SEARCH_USER_PATHS = NO;
				ASSETCATALOG_COMPILER_GENERATE_SWIFT_ASSET_SYMBOL_EXTENSIONS = YES;
				CLANG_ANALYZER_NONNULL = YES;
				CLANG_ANALYZER_NUMBER_OBJECT_CONVERSION = YES_AGGRESSIVE;
				CLANG_CXX_LANGUAGE_STANDARD = "gnu++20";
				CLANG_ENABLE_MODULES = YES;
				CLANG_ENABLE_OBJC_ARC = YES;
				CLANG_ENABLE_OBJC_WEAK = YES;
				CLANG_WARN_BLOCK_CAPTURE_AUTORELEASING = YES;
				CLANG_WARN_BOOL_CONVERSION = YES;
				CLANG_WARN_COMMA = YES;
				CLANG_WARN_CONSTANT_CONVERSION = YES;
				CLANG_WARN_DEPRECATED_OBJC_IMPLEMENTATIONS = YES;
				CLANG_WARN_DIRECT_OBJC_ISA_USAGE = YES_ERROR;
				CLANG_WARN_DOCUMENTATION_COMMENTS = YES;
				CLANG_WARN_EMPTY_BODY = YES;
				CLANG_WARN_ENUM_CONVERSION = YES;
				CLANG_WARN_INFINITE_RECURSION = YES;
				CLANG_WARN_INT_CONVERSION = YES;
				CLANG_WARN_NON_LITERAL_NULL_CONVERSION = YES;
				CLANG_WARN_OBJC_IMPLICIT_RETAIN_SELF = YES;
				CLANG_WARN_OBJC_LITERAL_CONVERSION = YES;
				CLANG_WARN_OBJC_ROOT_CLASS = YES_ERROR;
				CLANG_WARN_QUOTED_INCLUDE_IN_FRAMEWORK_HEADER = YES;
				CLANG_WARN_RANGE_LOOP_ANALYSIS = YES;
				CLANG_WARN_STRICT_PROTOTYPES = YES;
				CLANG_WARN_SUSPICIOUS_MOVE = YES;
				CLANG_WARN_UNGUARDED_AVAILABILITY = YES_AGGRESSIVE;
				CLANG_WARN_UNREACHABLE_CODE = YES;
				CLANG_WARN__DUPLICATE_METHOD_MATCH = YES;
				COPY_PHASE_STRIP = NO;
				DEBUG_INFORMATION_FORMAT = dwarf;
				ENABLE_STRICT_OBJC_MSGSEND = YES;
				ENABLE_TESTABILITY = YES;
				ENABLE_USER_SCRIPT_SANDBOXING = YES;
				GCC_C_LANGUAGE_STANDARD = gnu17;
				GCC_DYNAMIC_NO_PIC = NO;
				GCC_NO_COMMON_BLOCKS = YES;
				GCC_OPTIMIZATION_LEVEL = 0;
				GCC_PREPROCESSOR_DEFINITIONS = (
					"DEBUG=1",
					"$(inherited)",
				);
				GCC_WARN_64_TO_32_BIT_CONVERSION = YES;
				GCC_WARN_ABOUT_RETURN_TYPE = YES_ERROR;
				GCC_WARN_UNDECLARED_SELECTOR = YES;
				GCC_WARN_UNINITIALIZED_AUTOS = YES_AGGRESSIVE;
				GCC_WARN_UNUSED_FUNCTION = YES;
				GCC_WARN_UNUSED_VARIABLE = YES;
				IPHONEOS_DEPLOYMENT_TARGET = 17.4;
				LOCALIZATION_PREFERS_STRING_CATALOGS = YES;
				MTL_ENABLE_DEBUG_INFO = INCLUDE_SOURCE;
				MTL_FAST_MATH = YES;
				ONLY_ACTIVE_ARCH = YES;
				SDKROOT = iphoneos;
				SWIFT_ACTIVE_COMPILATION_CONDITIONS = "DEBUG $(inherited)";
				SWIFT_OPTIMIZATION_LEVEL = "-Onone";
			};
			name = Debug;
		};
		4F21EC8F2BBCC9DC00A860EC /* Release */ = {
			isa = XCBuildConfiguration;
			buildSettings = {
				ALWAYS_SEARCH_USER_PATHS = NO;
				ASSETCATALOG_COMPILER_GENERATE_SWIFT_ASSET_SYMBOL_EXTENSIONS = YES;
				CLANG_ANALYZER_NONNULL = YES;
				CLANG_ANALYZER_NUMBER_OBJECT_CONVERSION = YES_AGGRESSIVE;
				CLANG_CXX_LANGUAGE_STANDARD = "gnu++20";
				CLANG_ENABLE_MODULES = YES;
				CLANG_ENABLE_OBJC_ARC = YES;
				CLANG_ENABLE_OBJC_WEAK = YES;
				CLANG_WARN_BLOCK_CAPTURE_AUTORELEASING = YES;
				CLANG_WARN_BOOL_CONVERSION = YES;
				CLANG_WARN_COMMA = YES;
				CLANG_WARN_CONSTANT_CONVERSION = YES;
				CLANG_WARN_DEPRECATED_OBJC_IMPLEMENTATIONS = YES;
				CLANG_WARN_DIRECT_OBJC_ISA_USAGE = YES_ERROR;
				CLANG_WARN_DOCUMENTATION_COMMENTS = YES;
				CLANG_WARN_EMPTY_BODY = YES;
				CLANG_WARN_ENUM_CONVERSION = YES;
				CLANG_WARN_INFINITE_RECURSION = YES;
				CLANG_WARN_INT_CONVERSION = YES;
				CLANG_WARN_NON_LITERAL_NULL_CONVERSION = YES;
				CLANG_WARN_OBJC_IMPLICIT_RETAIN_SELF = YES;
				CLANG_WARN_OBJC_LITERAL_CONVERSION = YES;
				CLANG_WARN_OBJC_ROOT_CLASS = YES_ERROR;
				CLANG_WARN_QUOTED_INCLUDE_IN_FRAMEWORK_HEADER = YES;
				CLANG_WARN_RANGE_LOOP_ANALYSIS = YES;
				CLANG_WARN_STRICT_PROTOTYPES = YES;
				CLANG_WARN_SUSPICIOUS_MOVE = YES;
				CLANG_WARN_UNGUARDED_AVAILABILITY = YES_AGGRESSIVE;
				CLANG_WARN_UNREACHABLE_CODE = YES;
				CLANG_WARN__DUPLICATE_METHOD_MATCH = YES;
				COPY_PHASE_STRIP = NO;
				DEBUG_INFORMATION_FORMAT = "dwarf-with-dsym";
				ENABLE_NS_ASSERTIONS = NO;
				ENABLE_STRICT_OBJC_MSGSEND = YES;
				ENABLE_USER_SCRIPT_SANDBOXING = YES;
				GCC_C_LANGUAGE_STANDARD = gnu17;
				GCC_NO_COMMON_BLOCKS = YES;
				GCC_WARN_64_TO_32_BIT_CONVERSION = YES;
				GCC_WARN_ABOUT_RETURN_TYPE = YES_ERROR;
				GCC_WARN_UNDECLARED_SELECTOR = YES;
				GCC_WARN_UNINITIALIZED_AUTOS = YES_AGGRESSIVE;
				GCC_WARN_UNUSED_FUNCTION = YES;
				GCC_WARN_UNUSED_VARIABLE = YES;
				IPHONEOS_DEPLOYMENT_TARGET = 17.4;
				LOCALIZATION_PREFERS_STRING_CATALOGS = YES;
				MTL_ENABLE_DEBUG_INFO = NO;
				MTL_FAST_MATH = YES;
				SDKROOT = iphoneos;
				SWIFT_COMPILATION_MODE = wholemodule;
				VALIDATE_PRODUCT = YES;
			};
			name = Release;
		};
		4F21EC912BBCC9DC00A860EC /* Debug */ = {
			isa = XCBuildConfiguration;
			buildSettings = {
				ASSETCATALOG_COMPILER_APPICON_NAME = AppIcon;
				ASSETCATALOG_COMPILER_GLOBAL_ACCENT_COLOR_NAME = AccentColor;
				CODE_SIGN_STYLE = Automatic;
				CURRENT_PROJECT_VERSION = 1;
				DEVELOPMENT_ASSET_PATHS = "\"Fitness Thing/Preview Content\"";
				ENABLE_PREVIEWS = YES;
				GENERATE_INFOPLIST_FILE = YES;
				INFOPLIST_KEY_UIApplicationSceneManifest_Generation = YES;
				INFOPLIST_KEY_UIApplicationSupportsIndirectInputEvents = YES;
				INFOPLIST_KEY_UILaunchScreen_Generation = YES;
				INFOPLIST_KEY_UISupportedInterfaceOrientations_iPad = "UIInterfaceOrientationPortrait UIInterfaceOrientationPortraitUpsideDown UIInterfaceOrientationLandscapeLeft UIInterfaceOrientationLandscapeRight";
				INFOPLIST_KEY_UISupportedInterfaceOrientations_iPhone = "UIInterfaceOrientationPortrait UIInterfaceOrientationLandscapeLeft UIInterfaceOrientationLandscapeRight";
				LD_RUNPATH_SEARCH_PATHS = (
					"$(inherited)",
					"@executable_path/Frameworks",
				);
				MARKETING_VERSION = 1.0;
				PRODUCT_BUNDLE_IDENTIFIER = "com.elliott.salvatori.Fitness-Thing";
				PRODUCT_NAME = "$(TARGET_NAME)";
				SWIFT_EMIT_LOC_STRINGS = YES;
				SWIFT_VERSION = 5.0;
				TARGETED_DEVICE_FAMILY = "1,2";
			};
			name = Debug;
		};
		4F21EC922BBCC9DC00A860EC /* Release */ = {
			isa = XCBuildConfiguration;
			buildSettings = {
				ASSETCATALOG_COMPILER_APPICON_NAME = AppIcon;
				ASSETCATALOG_COMPILER_GLOBAL_ACCENT_COLOR_NAME = AccentColor;
				CODE_SIGN_STYLE = Automatic;
				CURRENT_PROJECT_VERSION = 1;
				DEVELOPMENT_ASSET_PATHS = "\"Fitness Thing/Preview Content\"";
				ENABLE_PREVIEWS = YES;
				GENERATE_INFOPLIST_FILE = YES;
				INFOPLIST_KEY_UIApplicationSceneManifest_Generation = YES;
				INFOPLIST_KEY_UIApplicationSupportsIndirectInputEvents = YES;
				INFOPLIST_KEY_UILaunchScreen_Generation = YES;
				INFOPLIST_KEY_UISupportedInterfaceOrientations_iPad = "UIInterfaceOrientationPortrait UIInterfaceOrientationPortraitUpsideDown UIInterfaceOrientationLandscapeLeft UIInterfaceOrientationLandscapeRight";
				INFOPLIST_KEY_UISupportedInterfaceOrientations_iPhone = "UIInterfaceOrientationPortrait UIInterfaceOrientationLandscapeLeft UIInterfaceOrientationLandscapeRight";
				LD_RUNPATH_SEARCH_PATHS = (
					"$(inherited)",
					"@executable_path/Frameworks",
				);
				MARKETING_VERSION = 1.0;
				PRODUCT_BUNDLE_IDENTIFIER = "com.elliott.salvatori.Fitness-Thing";
				PRODUCT_NAME = "$(TARGET_NAME)";
				SWIFT_EMIT_LOC_STRINGS = YES;
				SWIFT_VERSION = 5.0;
				TARGETED_DEVICE_FAMILY = "1,2";
			};
			name = Release;
		};
/* End XCBuildConfiguration section */

/* Begin XCConfigurationList section */
		4F21EC7B2BBCC9DA00A860EC /* Build configuration list for PBXProject "Fitness Thing" */ = {
			isa = XCConfigurationList;
			buildConfigurations = (
				4F21EC8E2BBCC9DC00A860EC /* Debug */,
				4F21EC8F2BBCC9DC00A860EC /* Release */,
			);
			defaultConfigurationIsVisible = 0;
			defaultConfigurationName = Release;
		};
		4F21EC902BBCC9DC00A860EC /* Build configuration list for PBXNativeTarget "Fitness Thing" */ = {
			isa = XCConfigurationList;
			buildConfigurations = (
				4F21EC912BBCC9DC00A860EC /* Debug */,
				4F21EC922BBCC9DC00A860EC /* Release */,
			);
			defaultConfigurationIsVisible = 0;
			defaultConfigurationName = Release;
		};
/* End XCConfigurationList section */
	};
	rootObject = 4F21EC782BBCC9DA00A860EC /* Project object */;
}
